
Microsoft Visual Studio Solution File, Format Version 12.00
# Visual Studio Version 17
VisualStudioVersion = 17.8.34316.72
MinimumVisualStudioVersion = 10.0.40219.1
Project("{9A19103F-16F7-4668-BE54-9A1E7A4F7556}") = "Day01", "Day01\Day01.csproj", "{D2F9E11C-BCA7-48C9-A029-E39BBC3AB04C}"
EndProject
Project("{2150E333-8FDC-42A3-9474-1A3956D46DE8}") = "Elementos de la solución", "Elementos de la solución", "{9D05B28E-402C-42CB-B3DB-0C16A952157D}"
	ProjectSection(SolutionItems) = preProject
		.gitignore = .gitignore
		README.md = README.md
	EndProjectSection
EndProject
Project("{9A19103F-16F7-4668-BE54-9A1E7A4F7556}") = "Day02", "Day02\Day02.csproj", "{BA82274C-FAEE-427E-BFBF-A8C277762339}"
EndProject
Project("{9A19103F-16F7-4668-BE54-9A1E7A4F7556}") = "Day03", "Day03\Day03.csproj", "{A0F1CAAC-99F7-4BDF-84BD-B4C524DE8157}"
EndProject
Project("{9A19103F-16F7-4668-BE54-9A1E7A4F7556}") = "Day04", "Day04\Day04.csproj", "{B6DAE81F-2AB9-4D5C-BC96-1E67183CEEA7}"
EndProject
Project("{9A19103F-16F7-4668-BE54-9A1E7A4F7556}") = "Day05", "Day05\Day05.csproj", "{3368C9BC-EC4A-47D3-8E18-E303360D8624}"
EndProject
Project("{FAE04EC0-301F-11D3-BF4B-00C04F79EFBC}") = "Day06", "Day06\Day06.csproj", "{BC272DB3-995D-4C46-889E-BF515C81F11F}"
EndProject
Global
	GlobalSection(SolutionConfigurationPlatforms) = preSolution
		Debug|Any CPU = Debug|Any CPU
		Release|Any CPU = Release|Any CPU
	EndGlobalSection
	GlobalSection(ProjectConfigurationPlatforms) = postSolution
		{D2F9E11C-BCA7-48C9-A029-E39BBC3AB04C}.Debug|Any CPU.ActiveCfg = Debug|Any CPU
		{D2F9E11C-BCA7-48C9-A029-E39BBC3AB04C}.Debug|Any CPU.Build.0 = Debug|Any CPU
		{D2F9E11C-BCA7-48C9-A029-E39BBC3AB04C}.Release|Any CPU.ActiveCfg = Release|Any CPU
		{D2F9E11C-BCA7-48C9-A029-E39BBC3AB04C}.Release|Any CPU.Build.0 = Release|Any CPU
		{BA82274C-FAEE-427E-BFBF-A8C277762339}.Debug|Any CPU.ActiveCfg = Debug|Any CPU
		{BA82274C-FAEE-427E-BFBF-A8C277762339}.Debug|Any CPU.Build.0 = Debug|Any CPU
		{BA82274C-FAEE-427E-BFBF-A8C277762339}.Release|Any CPU.ActiveCfg = Release|Any CPU
		{BA82274C-FAEE-427E-BFBF-A8C277762339}.Release|Any CPU.Build.0 = Release|Any CPU
		{A0F1CAAC-99F7-4BDF-84BD-B4C524DE8157}.Debug|Any CPU.ActiveCfg = Debug|Any CPU
		{A0F1CAAC-99F7-4BDF-84BD-B4C524DE8157}.Debug|Any CPU.Build.0 = Debug|Any CPU
		{A0F1CAAC-99F7-4BDF-84BD-B4C524DE8157}.Release|Any CPU.ActiveCfg = Release|Any CPU
		{A0F1CAAC-99F7-4BDF-84BD-B4C524DE8157}.Release|Any CPU.Build.0 = Release|Any CPU
		{B6DAE81F-2AB9-4D5C-BC96-1E67183CEEA7}.Debug|Any CPU.ActiveCfg = Debug|Any CPU
		{B6DAE81F-2AB9-4D5C-BC96-1E67183CEEA7}.Debug|Any CPU.Build.0 = Debug|Any CPU
		{B6DAE81F-2AB9-4D5C-BC96-1E67183CEEA7}.Release|Any CPU.ActiveCfg = Release|Any CPU
		{B6DAE81F-2AB9-4D5C-BC96-1E67183CEEA7}.Release|Any CPU.Build.0 = Release|Any CPU
		{3368C9BC-EC4A-47D3-8E18-E303360D8624}.Debug|Any CPU.ActiveCfg = Debug|Any CPU
		{3368C9BC-EC4A-47D3-8E18-E303360D8624}.Debug|Any CPU.Build.0 = Debug|Any CPU
		{3368C9BC-EC4A-47D3-8E18-E303360D8624}.Release|Any CPU.ActiveCfg = Release|Any CPU
		{3368C9BC-EC4A-47D3-8E18-E303360D8624}.Release|Any CPU.Build.0 = Release|Any CPU
		{BC272DB3-995D-4C46-889E-BF515C81F11F}.Debug|Any CPU.ActiveCfg = Debug|Any CPU
		{BC272DB3-995D-4C46-889E-BF515C81F11F}.Debug|Any CPU.Build.0 = Debug|Any CPU
		{BC272DB3-995D-4C46-889E-BF515C81F11F}.Release|Any CPU.ActiveCfg = Release|Any CPU
		{BC272DB3-995D-4C46-889E-BF515C81F11F}.Release|Any CPU.Build.0 = Release|Any CPU
	EndGlobalSection
	GlobalSection(SolutionProperties) = preSolution
		HideSolutionNode = FALSE
	EndGlobalSection
	GlobalSection(ExtensibilityGlobals) = postSolution
		SolutionGuid = {BD337C13-F2C9-49B0-BDBD-473ADE821A14}
	EndGlobalSection
EndGlobal
